<?xml version="1.0" encoding="utf-8"?>
<Project ToolsVersion="4.0" xmlns="http://schemas.microsoft.com/developer/msbuild/2003">
  <ItemGroup>
    <Filter Include="소스 파일">
      <UniqueIdentifier>{4FC737F1-C7A5-4376-A066-2A32D752A2FF}</UniqueIdentifier>
      <Extensions>cpp;c;cc;cxx;c++;cppm;ixx;def;odl;idl;hpj;bat;asm;asmx</Extensions>
    </Filter>
    <Filter Include="헤더 파일">
      <UniqueIdentifier>{93995380-89BD-4b04-88EB-625FBE52EBFB}</UniqueIdentifier>
      <Extensions>h;hh;hpp;hxx;h++;hm;inl;inc;ipp;xsd</Extensions>
    </Filter>
    <Filter Include="리소스 파일">
      <UniqueIdentifier>{67DA6AB6-F800-4c08-8B7A-83BB121AAD01}</UniqueIdentifier>
      <Extensions>rc;ico;cur;bmp;dlg;rc2;rct;bin;rgs;gif;jpg;jpeg;jpe;resx;tiff;tif;png;wav;mfcribbon-ms</Extensions>
    </Filter>
  </ItemGroup>
  <ItemGroup>
    <ClCompile Include="num1.c">
      <Filter>소스 파일</Filter>
    </ClCompile>
    <ClCompile Include="num2.c">
      <Filter>소스 파일</Filter>
    </ClCompile>
    <ClCompile Include="main.c">
      <Filter>소스 파일</Filter>
    </ClCompile>
    <ClCompile Include="num3.c">
      <Filter>소스 파일</Filter>
    </ClCompile>
    <ClCompile Include="num4.c">
      <Filter>소스 파일</Filter>
    </ClCompile>
    <ClCompile Include="num5.c">
      <Filter>소스 파일</Filter>
    </ClCompile>
    <ClCompile Include="num6.c">
      <Filter>소스 파일</Filter>
    </ClCompile>
    <ClCompile Include="num7.c">
      <Filter>소스 파일</Filter>
    </ClCompile>
    <ClCompile Include="num8.c">
      <Filter>소스 파일</Filter>
    </ClCompile>
    <ClCompile Include="num9.c">
      <Filter>소스 파일</Filter>
    </ClCompile>
    <ClCompile Include="num10.c">
      <Filter>소스 파일</Filter>
    </ClCompile>
    <ClCompile Include="num11.c">
      <Filter>소스 파일</Filter>
    </ClCompile>
    <ClCompile Include="num12.c">
      <Filter>소스 파일</Filter>
    </ClCompile>
    <ClCompile Include="num13.c">
      <Filter>소스 파일</Filter>
    </ClCompile>
    <ClCompile Include="num14.c">
      <Filter>소스 파일</Filter>
    </ClCompile>
    <ClCompile Include="num15.c">
      <Filter>소스 파일</Filter>
    </ClCompile>
    <ClCompile Include="num16.c">
      <Filter>소스 파일</Filter>
    </ClCompile>
    <ClCompile Include="num17.c">
      <Filter>소스 파일</Filter>
    </ClCompile>
    <ClCompile Include="num18.c">
      <Filter>소스 파일</Filter>
    </ClCompile>
    <ClCompile Include="num19.c">
      <Filter>소스 파일</Filter>
    </ClCompile>
    <ClCompile Include="num20.c">
      <Filter>소스 파일</Filter>
    </ClCompile>
    <ClCompile Include="num21.c">
      <Filter>소스 파일</Filter>
    </ClCompile>
    <ClCompile Include="num22.c">
      <Filter>소스 파일</Filter>
    </ClCompile>
    <ClCompile Include="num23.c">
      <Filter>소스 파일</Filter>
    </ClCompile>
    <ClCompile Include="num24.c">
      <Filter>소스 파일</Filter>
    </ClCompile>
    <ClCompile Include="num25.c">
      <Filter>소스 파일</Filter>
    </ClCompile>
    <ClCompile Include="num26.c">
      <Filter>소스 파일</Filter>
    </ClCompile>
    <ClCompile Include="num27.c">
      <Filter>소스 파일</Filter>
    </ClCompile>
    <ClCompile Include="num28.c">
      <Filter>소스 파일</Filter>
    </ClCompile>
    <ClCompile Include="num29.c">
      <Filter>소스 파일</Filter>
    </ClCompile>
    <ClCompile Include="num30.c">
      <Filter>소스 파일</Filter>
    </ClCompile>
    <ClCompile Include="num31.c">
      <Filter>소스 파일</Filter>
    </ClCompile>
    <ClCompile Include="num32.c">
      <Filter>소스 파일</Filter>
    </ClCompile>
    <ClCompile Include="num33.c">
      <Filter>소스 파일</Filter>
    </ClCompile>
    <ClCompile Include="num34.c">
      <Filter>소스 파일</Filter>
    </ClCompile>
  </ItemGroup>
</Project>